
Microsoft Visual Studio Solution File, Format Version 12.00
# Visual Studio Version 16
VisualStudioVersion = 25.0.1706.12
MinimumVisualStudioVersion = 10.0.40219.1
Project("{FAE04EC0-301F-11D3-BF4B-00C04F79EFBC}") = "InMemoryCaching", "InMemoryCaching\InMemoryCaching.csproj", "{FE879F20-ED20-464A-B8CA-51F4886E7775}"
EndProject
Project("{FAE04EC0-301F-11D3-BF4B-00C04F79EFBC}") = "DataAccessLibrary", "DataAccessLibrary\DataAccessLibrary.csproj", "{44FDEB6D-D99B-4673-B3DD-017B2AF05E06}"
EndProject
Project("{FAE04EC0-301F-11D3-BF4B-00C04F79EFBC}") = "Redis", "Redis\Redis.csproj", "{55FF3895-8DFA-4184-B3F6-92AE0B9C6E10}"
EndProject
Global
	GlobalSection(SolutionConfigurationPlatforms) = preSolution
		Debug|Any CPU = Debug|Any CPU
		Release|Any CPU = Release|Any CPU
	EndGlobalSection
	GlobalSection(ProjectConfigurationPlatforms) = postSolution
		{FE879F20-ED20-464A-B8CA-51F4886E7775}.Debug|Any CPU.ActiveCfg = Debug|Any CPU
		{FE879F20-ED20-464A-B8CA-51F4886E7775}.Debug|Any CPU.Build.0 = Debug|Any CPU
		{FE879F20-ED20-464A-B8CA-51F4886E7775}.Release|Any CPU.ActiveCfg = Release|Any CPU
		{FE879F20-ED20-464A-B8CA-51F4886E7775}.Release|Any CPU.Build.0 = Release|Any CPU
		{44FDEB6D-D99B-4673-B3DD-017B2AF05E06}.Debug|Any CPU.ActiveCfg = Debug|Any CPU
		{44FDEB6D-D99B-4673-B3DD-017B2AF05E06}.Debug|Any CPU.Build.0 = Debug|Any CPU
		{44FDEB6D-D99B-4673-B3DD-017B2AF05E06}.Release|Any CPU.ActiveCfg = Release|Any CPU
		{44FDEB6D-D99B-4673-B3DD-017B2AF05E06}.Release|Any CPU.Build.0 = Release|Any CPU
		{55FF3895-8DFA-4184-B3F6-92AE0B9C6E10}.Debug|Any CPU.ActiveCfg = Debug|Any CPU
		{55FF3895-8DFA-4184-B3F6-92AE0B9C6E10}.Debug|Any CPU.Build.0 = Debug|Any CPU
		{55FF3895-8DFA-4184-B3F6-92AE0B9C6E10}.Release|Any CPU.ActiveCfg = Release|Any CPU
		{55FF3895-8DFA-4184-B3F6-92AE0B9C6E10}.Release|Any CPU.Build.0 = Release|Any CPU
	EndGlobalSection
	GlobalSection(SolutionProperties) = preSolution
		HideSolutionNode = FALSE
	EndGlobalSection
	GlobalSection(ExtensibilityGlobals) = postSolution
		SolutionGuid = {BB028D45-BCDC-4A70-8F6B-A59AAA87D661}
	EndGlobalSection
EndGlobal
